
Microsoft Visual Studio Solution File, Format Version 12.00
# Visual Studio Version 16
VisualStudioVersion = 16.0.30523.141
MinimumVisualStudioVersion = 10.0.40219.1
Project("{FAE04EC0-301F-11D3-BF4B-00C04F79EFBC}") = "SourceConsole", "SourceConsole\SourceConsole.csproj", "{9D590015-1A11-41BA-B9D1-DF915E40624A}"
EndProject
Global
	GlobalSection(SolutionConfigurationPlatforms) = preSolution
		Debug|Any CPU = Debug|Any CPU
		Release|Any CPU = Release|Any CPU
	EndGlobalSection
	GlobalSection(ProjectConfigurationPlatforms) = postSolution
		{9D590015-1A11-41BA-B9D1-DF915E40624A}.Debug|Any CPU.ActiveCfg = Debug|Any CPU
		{9D590015-1A11-41BA-B9D1-DF915E40624A}.Debug|Any CPU.Build.0 = Debug|Any CPU
		{9D590015-1A11-41BA-B9D1-DF915E40624A}.Release|Any CPU.ActiveCfg = Release|Any CPU
		{9D590015-1A11-41BA-B9D1-DF915E40624A}.Release|Any CPU.Build.0 = Release|Any CPU
	EndGlobalSection
	GlobalSection(SolutionProperties) = preSolution
		HideSolutionNode = FALSE
	EndGlobalSection
	GlobalSection(ExtensibilityGlobals) = postSolution
		SolutionGuid = {1DC1B798-5C8E-4D74-A93A-5D02303DF495}
	EndGlobalSection
EndGlobal
